
Microsoft Visual Studio Solution File, Format Version 12.00
# Visual Studio 2015
Project("{FAE04EC0-301F-11D3-BF4B-00C04F79EFBC}") = "ok.Plugins", "ok.Plugins.csproj", "{6A74F625-BFB6-8615-0DFA-8F3E497FD61B}"
EndProject
Project("{FAE04EC0-301F-11D3-BF4B-00C04F79EFBC}") = "ok", "ok.csproj", "{B04B8F64-2E04-51F8-774B-BB3FAF9B00BF}"
EndProject
Project("{FAE04EC0-301F-11D3-BF4B-00C04F79EFBC}") = "ok.Editor.Plugins", "ok.Editor.Plugins.csproj", "{3D5C70D4-6FC9-AA99-99FE-A09E6240BA01}"
EndProject
Global
	GlobalSection(SolutionConfigurationPlatforms) = preSolution
		Debug|Any CPU = Debug|Any CPU
		Release|Any CPU = Release|Any CPU
	EndGlobalSection
	GlobalSection(ProjectConfigurationPlatforms) = postSolution
		{6A74F625-BFB6-8615-0DFA-8F3E497FD61B}.Debug|Any CPU.ActiveCfg = Debug|Any CPU
		{6A74F625-BFB6-8615-0DFA-8F3E497FD61B}.Debug|Any CPU.Build.0 = Debug|Any CPU
		{6A74F625-BFB6-8615-0DFA-8F3E497FD61B}.Release|Any CPU.ActiveCfg = Release|Any CPU
		{6A74F625-BFB6-8615-0DFA-8F3E497FD61B}.Release|Any CPU.Build.0 = Release|Any CPU
		{B04B8F64-2E04-51F8-774B-BB3FAF9B00BF}.Debug|Any CPU.ActiveCfg = Debug|Any CPU
		{B04B8F64-2E04-51F8-774B-BB3FAF9B00BF}.Debug|Any CPU.Build.0 = Debug|Any CPU
		{B04B8F64-2E04-51F8-774B-BB3FAF9B00BF}.Release|Any CPU.ActiveCfg = Release|Any CPU
		{B04B8F64-2E04-51F8-774B-BB3FAF9B00BF}.Release|Any CPU.Build.0 = Release|Any CPU
		{3D5C70D4-6FC9-AA99-99FE-A09E6240BA01}.Debug|Any CPU.ActiveCfg = Debug|Any CPU
		{3D5C70D4-6FC9-AA99-99FE-A09E6240BA01}.Debug|Any CPU.Build.0 = Debug|Any CPU
		{3D5C70D4-6FC9-AA99-99FE-A09E6240BA01}.Release|Any CPU.ActiveCfg = Release|Any CPU
		{3D5C70D4-6FC9-AA99-99FE-A09E6240BA01}.Release|Any CPU.Build.0 = Release|Any CPU
	EndGlobalSection
	GlobalSection(SolutionProperties) = preSolution
		HideSolutionNode = FALSE
	EndGlobalSection
EndGlobal
