
Microsoft Visual Studio Solution File, Format Version 12.00
# Visual Studio 2015
Project("{FAE04EC0-301F-11D3-BF4B-00C04F79EFBC}") = "tryneuro", "tryneuro.csproj", "{876275A3-3F8C-05BE-9D35-B8D68848BE2B}"
EndProject
Global
	GlobalSection(SolutionConfigurationPlatforms) = preSolution
		Debug|Any CPU = Debug|Any CPU
		Release|Any CPU = Release|Any CPU
	EndGlobalSection
	GlobalSection(ProjectConfigurationPlatforms) = postSolution
		{876275A3-3F8C-05BE-9D35-B8D68848BE2B}.Debug|Any CPU.ActiveCfg = Debug|Any CPU
		{876275A3-3F8C-05BE-9D35-B8D68848BE2B}.Debug|Any CPU.Build.0 = Debug|Any CPU
		{876275A3-3F8C-05BE-9D35-B8D68848BE2B}.Release|Any CPU.ActiveCfg = Release|Any CPU
		{876275A3-3F8C-05BE-9D35-B8D68848BE2B}.Release|Any CPU.Build.0 = Release|Any CPU
	EndGlobalSection
	GlobalSection(SolutionProperties) = preSolution
		HideSolutionNode = FALSE
	EndGlobalSection
EndGlobal
